// !$*UTF8*$!
{
	archiveVersion = 1;
	classes = {
	};
	objectVersion = 52;
	objects = {

/* Begin PBXBuildFile section */
		816994C125B9B60100E53AF3 /* AppDelegate.swift in Sources */ = {isa = PBXBuildFile; fileRef = 816994C025B9B60100E53AF3 /* AppDelegate.swift */; };
		816994C325B9B60100E53AF3 /* SceneDelegate.swift in Sources */ = {isa = PBXBuildFile; fileRef = 816994C225B9B60100E53AF3 /* SceneDelegate.swift */; };
		816994C525B9B60100E53AF3 /* ViewController.swift in Sources */ = {isa = PBXBuildFile; fileRef = 816994C425B9B60100E53AF3 /* ViewController.swift */; };
		816994C825B9B60100E53AF3 /* Main.storyboard in Resources */ = {isa = PBXBuildFile; fileRef = 816994C625B9B60100E53AF3 /* Main.storyboard */; };
		816994CA25B9B60500E53AF3 /* Assets.xcassets in Resources */ = {isa = PBXBuildFile; fileRef = 816994C925B9B60500E53AF3 /* Assets.xcassets */; };
		816994CD25B9B60500E53AF3 /* LaunchScreen.storyboard in Resources */ = {isa = PBXBuildFile; fileRef = 816994CB25B9B60500E53AF3 /* LaunchScreen.storyboard */; };
		816994D325B9B62F00E53AF3 /* PaygilantSDK.xcframework in Frameworks */ = {isa = PBXBuildFile; fileRef = 8169945025B830AF00E53AF3 /* PaygilantSDK.xcframework */; };
		816994D425B9B62F00E53AF3 /* PaygilantSDK.xcframework in Embed Frameworks */ = {isa = PBXBuildFile; fileRef = 8169945025B830AF00E53AF3 /* PaygilantSDK.xcframework */; settings = {ATTRIBUTES = (CodeSignOnCopy, RemoveHeadersOnCopy, ); }; };
		8169951125BD5E2500E53AF3 /* PaygilantSDK.podspec in Resources */ = {isa = PBXBuildFile; fileRef = 8169951025BD5E2500E53AF3 /* PaygilantSDK.podspec */; };
/* End PBXBuildFile section */

/* Begin PBXCopyFilesBuildPhase section */
		816994D525B9B62F00E53AF3 /* Embed Frameworks */ = {
			isa = PBXCopyFilesBuildPhase;
			buildActionMask = 2147483647;
			dstPath = "";
			dstSubfolderSpec = 10;
			files = (
				816994D425B9B62F00E53AF3 /* PaygilantSDK.xcframework in Embed Frameworks */,
			);
			name = "Embed Frameworks";
			runOnlyForDeploymentPostprocessing = 0;
		};
/* End PBXCopyFilesBuildPhase section */

/* Begin PBXFileReference section */
		8169933125B6D46E00E53AF3 /* PaygilantSDK.xcframework */ = {isa = PBXFileReference; lastKnownFileType = wrapper.xcframework; path = PaygilantSDK.xcframework; sourceTree = "<group>"; };
		8169945025B830AF00E53AF3 /* PaygilantSDK.xcframework */ = {isa = PBXFileReference; lastKnownFileType = wrapper.xcframework; path = PaygilantSDK.xcframework; sourceTree = "<group>"; };
		816994BE25B9B60100E53AF3 /* TestPG.app */ = {isa = PBXFileReference; explicitFileType = wrapper.application; includeInIndex = 0; path = TestPG.app; sourceTree = BUILT_PRODUCTS_DIR; };
		816994C025B9B60100E53AF3 /* AppDelegate.swift */ = {isa = PBXFileReference; lastKnownFileType = sourcecode.swift; path = AppDelegate.swift; sourceTree = "<group>"; };
		816994C225B9B60100E53AF3 /* SceneDelegate.swift */ = {isa = PBXFileReference; lastKnownFileType = sourcecode.swift; path = SceneDelegate.swift; sourceTree = "<group>"; };
		816994C425B9B60100E53AF3 /* ViewController.swift */ = {isa = PBXFileReference; lastKnownFileType = sourcecode.swift; path = ViewController.swift; sourceTree = "<group>"; };
		816994C725B9B60100E53AF3 /* Base */ = {isa = PBXFileReference; lastKnownFileType = file.storyboard; name = Base; path = Base.lproj/Main.storyboard; sourceTree = "<group>"; };
		816994C925B9B60500E53AF3 /* Assets.xcassets */ = {isa = PBXFileReference; lastKnownFileType = folder.assetcatalog; path = Assets.xcassets; sourceTree = "<group>"; };
		816994CC25B9B60500E53AF3 /* Base */ = {isa = PBXFileReference; lastKnownFileType = file.storyboard; name = Base; path = Base.lproj/LaunchScreen.storyboard; sourceTree = "<group>"; };
		816994CE25B9B60500E53AF3 /* Info.plist */ = {isa = PBXFileReference; lastKnownFileType = text.plist.xml; path = Info.plist; sourceTree = "<group>"; };
		8169951025BD5E2500E53AF3 /* PaygilantSDK.podspec */ = {isa = PBXFileReference; fileEncoding = 4; lastKnownFileType = text; path = PaygilantSDK.podspec; sourceTree = "<group>"; };
/* End PBXFileReference section */

/* Begin PBXFrameworksBuildPhase section */
		816994BB25B9B60100E53AF3 /* Frameworks */ = {
			isa = PBXFrameworksBuildPhase;
			buildActionMask = 2147483647;
			files = (
				816994D325B9B62F00E53AF3 /* PaygilantSDK.xcframework in Frameworks */,
			);
			runOnlyForDeploymentPostprocessing = 0;
		};
/* End PBXFrameworksBuildPhase section */

/* Begin PBXGroup section */
		8169930F25B6D44A00E53AF3 = {
			isa = PBXGroup;
			children = (
				8169951025BD5E2500E53AF3 /* PaygilantSDK.podspec */,
				8169945025B830AF00E53AF3 /* PaygilantSDK.xcframework */,
				816994BF25B9B60100E53AF3 /* TestPG */,
				8169931925B6D44A00E53AF3 /* Products */,
				8169933025B6D46E00E53AF3 /* Frameworks */,
			);
			sourceTree = "<group>";
		};
		8169931925B6D44A00E53AF3 /* Products */ = {
			isa = PBXGroup;
			children = (
				816994BE25B9B60100E53AF3 /* TestPG.app */,
			);
			name = Products;
			sourceTree = "<group>";
		};
		8169933025B6D46E00E53AF3 /* Frameworks */ = {
			isa = PBXGroup;
			children = (
				8169933125B6D46E00E53AF3 /* PaygilantSDK.xcframework */,
			);
			name = Frameworks;
			sourceTree = "<group>";
		};
		816994BF25B9B60100E53AF3 /* TestPG */ = {
			isa = PBXGroup;
			children = (
				816994C025B9B60100E53AF3 /* AppDelegate.swift */,
				816994C225B9B60100E53AF3 /* SceneDelegate.swift */,
				816994C425B9B60100E53AF3 /* ViewController.swift */,
				816994C625B9B60100E53AF3 /* Main.storyboard */,
				816994C925B9B60500E53AF3 /* Assets.xcassets */,
				816994CB25B9B60500E53AF3 /* LaunchScreen.storyboard */,
				816994CE25B9B60500E53AF3 /* Info.plist */,
			);
			path = TestPG;
			sourceTree = "<group>";
		};
/* End PBXGroup section */

/* Begin PBXNativeTarget section */
		816994BD25B9B60100E53AF3 /* TestPG */ = {
			isa = PBXNativeTarget;
			buildConfigurationList = 816994CF25B9B60500E53AF3 /* Build configuration list for PBXNativeTarget "TestPG" */;
			buildPhases = (
				816994BA25B9B60100E53AF3 /* Sources */,
				816994BB25B9B60100E53AF3 /* Frameworks */,
				816994BC25B9B60100E53AF3 /* Resources */,
				816994D525B9B62F00E53AF3 /* Embed Frameworks */,
			);
			buildRules = (
			);
			dependencies = (
			);
			name = TestPG;
			productName = TestPG;
			productReference = 816994BE25B9B60100E53AF3 /* TestPG.app */;
			productType = "com.apple.product-type.application";
		};
/* End PBXNativeTarget section */

/* Begin PBXProject section */
		8169931025B6D44A00E53AF3 /* Project object */ = {
			isa = PBXProject;
			attributes = {
				LastSwiftUpdateCheck = 1230;
				LastUpgradeCheck = 1230;
				TargetAttributes = {
					816994BD25B9B60100E53AF3 = {
						CreatedOnToolsVersion = 12.3;
					};
				};
			};
			buildConfigurationList = 8169931325B6D44A00E53AF3 /* Build configuration list for PBXProject "PaygilantLib" */;
			compatibilityVersion = "Xcode 9.3";
			developmentRegion = en;
			hasScannedForEncodings = 0;
			knownRegions = (
				en,
				Base,
			);
			mainGroup = 8169930F25B6D44A00E53AF3;
			productRefGroup = 8169931925B6D44A00E53AF3 /* Products */;
			projectDirPath = "";
			projectRoot = "";
			targets = (
				816994BD25B9B60100E53AF3 /* TestPG */,
			);
		};
/* End PBXProject section */

/* Begin PBXResourcesBuildPhase section */
		816994BC25B9B60100E53AF3 /* Resources */ = {
			isa = PBXResourcesBuildPhase;
			buildActionMask = 2147483647;
			files = (
				816994CD25B9B60500E53AF3 /* LaunchScreen.storyboard in Resources */,
				816994CA25B9B60500E53AF3 /* Assets.xcassets in Resources */,
				816994C825B9B60100E53AF3 /* Main.storyboard in Resources */,
				8169951125BD5E2500E53AF3 /* PaygilantSDK.podspec in Resources */,
			);
			runOnlyForDeploymentPostprocessing = 0;
		};
/* End PBXResourcesBuildPhase section */

/* Begin PBXSourcesBuildPhase section */
		816994BA25B9B60100E53AF3 /* Sources */ = {
			isa = PBXSourcesBuildPhase;
			buildActionMask = 2147483647;
			files = (
				816994C525B9B60100E53AF3 /* ViewController.swift in Sources */,
				816994C125B9B60100E53AF3 /* AppDelegate.swift in Sources */,
				816994C325B9B60100E53AF3 /* SceneDelegate.swift in Sources */,
			);
			runOnlyForDeploymentPostprocessing = 0;
		};
/* End PBXSourcesBuildPhase section */

/* Begin PBXVariantGroup section */
		816994C625B9B60100E53AF3 /* Main.storyboard */ = {
			isa = PBXVariantGroup;
			children = (
				816994C725B9B60100E53AF3 /* Base */,
			);
			name = Main.storyboard;
			sourceTree = "<group>";
		};
		816994CB25B9B60500E53AF3 /* LaunchScreen.storyboard */ = {
			isa = PBXVariantGroup;
			children = (
				816994CC25B9B60500E53AF3 /* Base */,
			);
			name = LaunchScreen.storyboard;
			sourceTree = "<group>";
		};
/* End PBXVariantGroup section */

/* Begin XCBuildConfiguration section */
		8169932A25B6D44D00E53AF3 /* Debug */ = {
			isa = XCBuildConfiguration;
			buildSettings = {
				ALWAYS_SEARCH_USER_PATHS = NO;
				CLANG_ANALYZER_NONNULL = YES;
				CLANG_ANALYZER_NUMBER_OBJECT_CONVERSION = YES_AGGRESSIVE;
				CLANG_CXX_LANGUAGE_STANDARD = "gnu++14";
				CLANG_CXX_LIBRARY = "libc++";
				CLANG_ENABLE_MODULES = YES;
				CLANG_ENABLE_OBJC_ARC = YES;
				CLANG_ENABLE_OBJC_WEAK = YES;
				CLANG_WARN_BLOCK_CAPTURE_AUTORELEASING = YES;
				CLANG_WARN_BOOL_CONVERSION = YES;
				CLANG_WARN_COMMA = YES;
				CLANG_WARN_CONSTANT_CONVERSION = YES;
				CLANG_WARN_DEPRECATED_OBJC_IMPLEMENTATIONS = YES;
				CLANG_WARN_DIRECT_OBJC_ISA_USAGE = YES_ERROR;
				CLANG_WARN_DOCUMENTATION_COMMENTS = YES;
				CLANG_WARN_EMPTY_BODY = YES;
				CLANG_WARN_ENUM_CONVERSION = YES;
				CLANG_WARN_INFINITE_RECURSION = YES;
				CLANG_WARN_INT_CONVERSION = YES;
				CLANG_WARN_NON_LITERAL_NULL_CONVERSION = YES;
				CLANG_WARN_OBJC_IMPLICIT_RETAIN_SELF = YES;
				CLANG_WARN_OBJC_LITERAL_CONVERSION = YES;
				CLANG_WARN_OBJC_ROOT_CLASS = YES_ERROR;
				CLANG_WARN_QUOTED_INCLUDE_IN_FRAMEWORK_HEADER = YES;
				CLANG_WARN_RANGE_LOOP_ANALYSIS = YES;
				CLANG_WARN_STRICT_PROTOTYPES = YES;
				CLANG_WARN_SUSPICIOUS_MOVE = YES;
				CLANG_WARN_UNGUARDED_AVAILABILITY = YES_AGGRESSIVE;
				CLANG_WARN_UNREACHABLE_CODE = YES;
				CLANG_WARN__DUPLICATE_METHOD_MATCH = YES;
				COPY_PHASE_STRIP = NO;
				DEBUG_INFORMATION_FORMAT = dwarf;
				ENABLE_STRICT_OBJC_MSGSEND = YES;
				ENABLE_TESTABILITY = YES;
				GCC_C_LANGUAGE_STANDARD = gnu11;
				GCC_DYNAMIC_NO_PIC = NO;
				GCC_NO_COMMON_BLOCKS = YES;
				GCC_OPTIMIZATION_LEVEL = 0;
				GCC_PREPROCESSOR_DEFINITIONS = (
					"DEBUG=1",
					"$(inherited)",
				);
				GCC_WARN_64_TO_32_BIT_CONVERSION = YES;
				GCC_WARN_ABOUT_RETURN_TYPE = YES_ERROR;
				GCC_WARN_UNDECLARED_SELECTOR = YES;
				GCC_WARN_UNINITIALIZED_AUTOS = YES_AGGRESSIVE;
				GCC_WARN_UNUSED_FUNCTION = YES;
				GCC_WARN_UNUSED_VARIABLE = YES;
				IPHONEOS_DEPLOYMENT_TARGET = 11.0;
				MTL_ENABLE_DEBUG_INFO = INCLUDE_SOURCE;
				MTL_FAST_MATH = YES;
				ONLY_ACTIVE_ARCH = YES;
				SDKROOT = iphoneos;
				SWIFT_ACTIVE_COMPILATION_CONDITIONS = DEBUG;
				SWIFT_OPTIMIZATION_LEVEL = "-Onone";
			};
			name = Debug;
		};
		8169932B25B6D44D00E53AF3 /* Release */ = {
			isa = XCBuildConfiguration;
			buildSettings = {
				ALWAYS_SEARCH_USER_PATHS = NO;
				CLANG_ANALYZER_NONNULL = YES;
				CLANG_ANALYZER_NUMBER_OBJECT_CONVERSION = YES_AGGRESSIVE;
				CLANG_CXX_LANGUAGE_STANDARD = "gnu++14";
				CLANG_CXX_LIBRARY = "libc++";
				CLANG_ENABLE_MODULES = YES;
				CLANG_ENABLE_OBJC_ARC = YES;
				CLANG_ENABLE_OBJC_WEAK = YES;
				CLANG_WARN_BLOCK_CAPTURE_AUTORELEASING = YES;
				CLANG_WARN_BOOL_CONVERSION = YES;
				CLANG_WARN_COMMA = YES;
				CLANG_WARN_CONSTANT_CONVERSION = YES;
				CLANG_WARN_DEPRECATED_OBJC_IMPLEMENTATIONS = YES;
				CLANG_WARN_DIRECT_OBJC_ISA_USAGE = YES_ERROR;
				CLANG_WARN_DOCUMENTATION_COMMENTS = YES;
				CLANG_WARN_EMPTY_BODY = YES;
				CLANG_WARN_ENUM_CONVERSION = YES;
				CLANG_WARN_INFINITE_RECURSION = YES;
				CLANG_WARN_INT_CONVERSION = YES;
				CLANG_WARN_NON_LITERAL_NULL_CONVERSION = YES;
				CLANG_WARN_OBJC_IMPLICIT_RETAIN_SELF = YES;
				CLANG_WARN_OBJC_LITERAL_CONVERSION = YES;
				CLANG_WARN_OBJC_ROOT_CLASS = YES_ERROR;
				CLANG_WARN_QUOTED_INCLUDE_IN_FRAMEWORK_HEADER = YES;
				CLANG_WARN_RANGE_LOOP_ANALYSIS = YES;
				CLANG_WARN_STRICT_PROTOTYPES = YES;
				CLANG_WARN_SUSPICIOUS_MOVE = YES;
				CLANG_WARN_UNGUARDED_AVAILABILITY = YES_AGGRESSIVE;
				CLANG_WARN_UNREACHABLE_CODE = YES;
				CLANG_WARN__DUPLICATE_METHOD_MATCH = YES;
				COPY_PHASE_STRIP = NO;
				DEBUG_INFORMATION_FORMAT = "dwarf-with-dsym";
				ENABLE_NS_ASSERTIONS = NO;
				ENABLE_STRICT_OBJC_MSGSEND = YES;
				GCC_C_LANGUAGE_STANDARD = gnu11;
				GCC_NO_COMMON_BLOCKS = YES;
				GCC_WARN_64_TO_32_BIT_CONVERSION = YES;
				GCC_WARN_ABOUT_RETURN_TYPE = YES_ERROR;
				GCC_WARN_UNDECLARED_SELECTOR = YES;
				GCC_WARN_UNINITIALIZED_AUTOS = YES_AGGRESSIVE;
				GCC_WARN_UNUSED_FUNCTION = YES;
				GCC_WARN_UNUSED_VARIABLE = YES;
				IPHONEOS_DEPLOYMENT_TARGET = 11.0;
				MTL_ENABLE_DEBUG_INFO = NO;
				MTL_FAST_MATH = YES;
				SDKROOT = iphoneos;
				SWIFT_COMPILATION_MODE = wholemodule;
				SWIFT_OPTIMIZATION_LEVEL = "-O";
				VALIDATE_PRODUCT = YES;
			};
			name = Release;
		};
		816994D025B9B60500E53AF3 /* Debug */ = {
			isa = XCBuildConfiguration;
			buildSettings = {
				ASSETCATALOG_COMPILER_APPICON_NAME = AppIcon;
				ASSETCATALOG_COMPILER_GLOBAL_ACCENT_COLOR_NAME = AccentColor;
				CODE_SIGN_STYLE = Automatic;
				DEVELOPMENT_TEAM = 397RUXP3XM;
				INFOPLIST_FILE = TestPG/Info.plist;
				IPHONEOS_DEPLOYMENT_TARGET = 14.3;
				LD_RUNPATH_SEARCH_PATHS = (
					"$(inherited)",
					"@executable_path/Frameworks",
				);
				PRODUCT_BUNDLE_IDENTIFIER = bignp.com.TestPG;
				PRODUCT_NAME = "$(TARGET_NAME)";
				SWIFT_VERSION = 5.0;
				TARGETED_DEVICE_FAMILY = "1,2";
			};
			name = Debug;
		};
		816994D125B9B60500E53AF3 /* Release */ = {
			isa = XCBuildConfiguration;
			buildSettings = {
				ASSETCATALOG_COMPILER_APPICON_NAME = AppIcon;
				ASSETCATALOG_COMPILER_GLOBAL_ACCENT_COLOR_NAME = AccentColor;
				CODE_SIGN_STYLE = Automatic;
				DEVELOPMENT_TEAM = 397RUXP3XM;
				INFOPLIST_FILE = TestPG/Info.plist;
				IPHONEOS_DEPLOYMENT_TARGET = 14.3;
				LD_RUNPATH_SEARCH_PATHS = (
					"$(inherited)",
					"@executable_path/Frameworks",
				);
				PRODUCT_BUNDLE_IDENTIFIER = bignp.com.TestPG;
				PRODUCT_NAME = "$(TARGET_NAME)";
				SWIFT_VERSION = 5.0;
				TARGETED_DEVICE_FAMILY = "1,2";
			};
			name = Release;
		};
/* End XCBuildConfiguration section */

/* Begin XCConfigurationList section */
		8169931325B6D44A00E53AF3 /* Build configuration list for PBXProject "PaygilantLib" */ = {
			isa = XCConfigurationList;
			buildConfigurations = (
				8169932A25B6D44D00E53AF3 /* Debug */,
				8169932B25B6D44D00E53AF3 /* Release */,
			);
			defaultConfigurationIsVisible = 0;
			defaultConfigurationName = Release;
		};
		816994CF25B9B60500E53AF3 /* Build configuration list for PBXNativeTarget "TestPG" */ = {
			isa = XCConfigurationList;
			buildConfigurations = (
				816994D025B9B60500E53AF3 /* Debug */,
				816994D125B9B60500E53AF3 /* Release */,
			);
			defaultConfigurationIsVisible = 0;
			defaultConfigurationName = Release;
		};
/* End XCConfigurationList section */
	};
	rootObject = 8169931025B6D44A00E53AF3 /* Project object */;
}
